
Microsoft Visual Studio Solution File, Format Version 12.00
# Visual Studio 15
VisualStudioVersion = 15.0.28307.421
MinimumVisualStudioVersion = 10.0.40219.1
Project("{FAE04EC0-301F-11D3-BF4B-00C04F79EFBC}") = "BrokereeSolution.Api", "BrokereeSolution.Api\BrokereeSolution.Api.csproj", "{AF8922D6-721A-4012-9A08-8C319D1B0BB9}"
EndProject
Project("{FAE04EC0-301F-11D3-BF4B-00C04F79EFBC}") = "BrokereeSolution.Data", "BrokereeSolution.Data\BrokereeSolution.Data.csproj", "{2BBB04F4-E110-4F25-A8AB-C58436721C6C}"
EndProject
Global
	GlobalSection(SolutionConfigurationPlatforms) = preSolution
		Debug|Any CPU = Debug|Any CPU
		Release|Any CPU = Release|Any CPU
	EndGlobalSection
	GlobalSection(ProjectConfigurationPlatforms) = postSolution
		{AF8922D6-721A-4012-9A08-8C319D1B0BB9}.Debug|Any CPU.ActiveCfg = Debug|Any CPU
		{AF8922D6-721A-4012-9A08-8C319D1B0BB9}.Debug|Any CPU.Build.0 = Debug|Any CPU
		{AF8922D6-721A-4012-9A08-8C319D1B0BB9}.Release|Any CPU.ActiveCfg = Release|Any CPU
		{AF8922D6-721A-4012-9A08-8C319D1B0BB9}.Release|Any CPU.Build.0 = Release|Any CPU
		{2BBB04F4-E110-4F25-A8AB-C58436721C6C}.Debug|Any CPU.ActiveCfg = Debug|Any CPU
		{2BBB04F4-E110-4F25-A8AB-C58436721C6C}.Debug|Any CPU.Build.0 = Debug|Any CPU
		{2BBB04F4-E110-4F25-A8AB-C58436721C6C}.Release|Any CPU.ActiveCfg = Release|Any CPU
		{2BBB04F4-E110-4F25-A8AB-C58436721C6C}.Release|Any CPU.Build.0 = Release|Any CPU
	EndGlobalSection
	GlobalSection(SolutionProperties) = preSolution
		HideSolutionNode = FALSE
	EndGlobalSection
	GlobalSection(ExtensibilityGlobals) = postSolution
		SolutionGuid = {EF2C0CE1-4925-4CDF-A6FD-34F42D25449D}
	EndGlobalSection
EndGlobal
