
Microsoft Visual Studio Solution File, Format Version 12.00
# Visual Studio 2012
Project("{FAE04EC0-301F-11D3-BF4B-00C04F79EFBC}") = "Raskadrovka", "Raskadrovka\Raskadrovka.csproj", "{304BE722-FBCC-4058-A93A-25E5A53FFEBF}"
EndProject
Global
	GlobalSection(SolutionConfigurationPlatforms) = preSolution
		Debug|Any CPU = Debug|Any CPU
		Release|Any CPU = Release|Any CPU
	EndGlobalSection
	GlobalSection(ProjectConfigurationPlatforms) = postSolution
		{304BE722-FBCC-4058-A93A-25E5A53FFEBF}.Debug|Any CPU.ActiveCfg = Debug|Any CPU
		{304BE722-FBCC-4058-A93A-25E5A53FFEBF}.Debug|Any CPU.Build.0 = Debug|Any CPU
		{304BE722-FBCC-4058-A93A-25E5A53FFEBF}.Release|Any CPU.ActiveCfg = Release|Any CPU
		{304BE722-FBCC-4058-A93A-25E5A53FFEBF}.Release|Any CPU.Build.0 = Release|Any CPU
	EndGlobalSection
	GlobalSection(SolutionProperties) = preSolution
		HideSolutionNode = FALSE
	EndGlobalSection
EndGlobal
