
Microsoft Visual Studio Solution File, Format Version 12.00
# Visual Studio 15
VisualStudioVersion = 15.0.28307.779
MinimumVisualStudioVersion = 10.0.40219.1
Project("{FAE04EC0-301F-11D3-BF4B-00C04F79EFBC}") = "Calculator.WpfApp", "Calculator.WpfApp\Calculator.WpfApp.csproj", "{8F6DBA69-E2DB-4D63-93AB-4F2EB351BA88}"
EndProject
Project("{FAE04EC0-301F-11D3-BF4B-00C04F79EFBC}") = "Calculator.ConsoleApp", "Calculator.ConsoleApp\Calculator.ConsoleApp.csproj", "{69500DFE-0F23-48AB-A6FE-A9BEA13B39E1}"
EndProject
Project("{FAE04EC0-301F-11D3-BF4B-00C04F79EFBC}") = "Calculator.Core", "Calculator.Core\Calculator.Core.csproj", "{A8A62358-BC50-4EDA-858A-7824845B20A4}"
EndProject
Global
	GlobalSection(SolutionConfigurationPlatforms) = preSolution
		Debug|Any CPU = Debug|Any CPU
		Release|Any CPU = Release|Any CPU
	EndGlobalSection
	GlobalSection(ProjectConfigurationPlatforms) = postSolution
		{8F6DBA69-E2DB-4D63-93AB-4F2EB351BA88}.Debug|Any CPU.ActiveCfg = Debug|Any CPU
		{8F6DBA69-E2DB-4D63-93AB-4F2EB351BA88}.Debug|Any CPU.Build.0 = Debug|Any CPU
		{8F6DBA69-E2DB-4D63-93AB-4F2EB351BA88}.Release|Any CPU.ActiveCfg = Release|Any CPU
		{8F6DBA69-E2DB-4D63-93AB-4F2EB351BA88}.Release|Any CPU.Build.0 = Release|Any CPU
		{69500DFE-0F23-48AB-A6FE-A9BEA13B39E1}.Debug|Any CPU.ActiveCfg = Debug|Any CPU
		{69500DFE-0F23-48AB-A6FE-A9BEA13B39E1}.Debug|Any CPU.Build.0 = Debug|Any CPU
		{69500DFE-0F23-48AB-A6FE-A9BEA13B39E1}.Release|Any CPU.ActiveCfg = Release|Any CPU
		{69500DFE-0F23-48AB-A6FE-A9BEA13B39E1}.Release|Any CPU.Build.0 = Release|Any CPU
		{A8A62358-BC50-4EDA-858A-7824845B20A4}.Debug|Any CPU.ActiveCfg = Debug|Any CPU
		{A8A62358-BC50-4EDA-858A-7824845B20A4}.Debug|Any CPU.Build.0 = Debug|Any CPU
		{A8A62358-BC50-4EDA-858A-7824845B20A4}.Release|Any CPU.ActiveCfg = Release|Any CPU
		{A8A62358-BC50-4EDA-858A-7824845B20A4}.Release|Any CPU.Build.0 = Release|Any CPU
	EndGlobalSection
	GlobalSection(SolutionProperties) = preSolution
		HideSolutionNode = FALSE
	EndGlobalSection
	GlobalSection(ExtensibilityGlobals) = postSolution
		SolutionGuid = {A433ADB9-295D-4120-A91F-89514A2B4768}
	EndGlobalSection
EndGlobal
