
Microsoft Visual Studio Solution File, Format Version 12.00
# Visual Studio 15
VisualStudioVersion = 15.0.28010.2036
MinimumVisualStudioVersion = 10.0.40219.1
Project("{FAE04EC0-301F-11D3-BF4B-00C04F79EFBC}") = "Cinema.Data", "Cinema.Data\Cinema.Data.csproj", "{6839CDCF-B0F7-48C9-904D-023F620CF2AB}"
EndProject
Project("{FAE04EC0-301F-11D3-BF4B-00C04F79EFBC}") = "Cinema.Web", "Cinema.Web\Cinema.Web.csproj", "{29C1BBBE-DE2A-46CC-A7F9-C54E7B805CB3}"
EndProject
Project("{FAE04EC0-301F-11D3-BF4B-00C04F79EFBC}") = "Cinema.WPF", "Cinema.WPF\Cinema.WPF.csproj", "{F7EB1675-27F1-40E8-9DD1-87B89DD1A3BD}"
EndProject
Global
	GlobalSection(SolutionConfigurationPlatforms) = preSolution
		Debug|Any CPU = Debug|Any CPU
		Release|Any CPU = Release|Any CPU
	EndGlobalSection
	GlobalSection(ProjectConfigurationPlatforms) = postSolution
		{6839CDCF-B0F7-48C9-904D-023F620CF2AB}.Debug|Any CPU.ActiveCfg = Debug|Any CPU
		{6839CDCF-B0F7-48C9-904D-023F620CF2AB}.Debug|Any CPU.Build.0 = Debug|Any CPU
		{6839CDCF-B0F7-48C9-904D-023F620CF2AB}.Release|Any CPU.ActiveCfg = Release|Any CPU
		{6839CDCF-B0F7-48C9-904D-023F620CF2AB}.Release|Any CPU.Build.0 = Release|Any CPU
		{29C1BBBE-DE2A-46CC-A7F9-C54E7B805CB3}.Debug|Any CPU.ActiveCfg = Debug|Any CPU
		{29C1BBBE-DE2A-46CC-A7F9-C54E7B805CB3}.Debug|Any CPU.Build.0 = Debug|Any CPU
		{29C1BBBE-DE2A-46CC-A7F9-C54E7B805CB3}.Release|Any CPU.ActiveCfg = Release|Any CPU
		{29C1BBBE-DE2A-46CC-A7F9-C54E7B805CB3}.Release|Any CPU.Build.0 = Release|Any CPU
		{F7EB1675-27F1-40E8-9DD1-87B89DD1A3BD}.Debug|Any CPU.ActiveCfg = Debug|Any CPU
		{F7EB1675-27F1-40E8-9DD1-87B89DD1A3BD}.Debug|Any CPU.Build.0 = Debug|Any CPU
		{F7EB1675-27F1-40E8-9DD1-87B89DD1A3BD}.Release|Any CPU.ActiveCfg = Release|Any CPU
		{F7EB1675-27F1-40E8-9DD1-87B89DD1A3BD}.Release|Any CPU.Build.0 = Release|Any CPU
	EndGlobalSection
	GlobalSection(SolutionProperties) = preSolution
		HideSolutionNode = FALSE
	EndGlobalSection
	GlobalSection(ExtensibilityGlobals) = postSolution
		SolutionGuid = {FAA611B3-B5D9-47C3-BBA1-2264B012DFD3}
	EndGlobalSection
EndGlobal
