
Microsoft Visual Studio Solution File, Format Version 12.00
# Visual Studio 15
VisualStudioVersion = 15.0.28307.779
MinimumVisualStudioVersion = 10.0.40219.1
Project("{FAE04EC0-301F-11D3-BF4B-00C04F79EFBC}") = "Motiv.Core", "Motiv.Core\Motiv.Core.csproj", "{501E5F66-9FB2-44AA-98E4-08A9206B9414}"
EndProject
Project("{FAE04EC0-301F-11D3-BF4B-00C04F79EFBC}") = "Motiv.Data", "Motiv.Data\Motiv.Data.csproj", "{2D026F3E-B4DC-4664-A144-F0B74AA7F935}"
EndProject
Project("{FAE04EC0-301F-11D3-BF4B-00C04F79EFBC}") = "Motiv.Winforms", "Motiv.Winforms\Motiv.Winforms.csproj", "{D55E8618-9488-41C0-97B8-0332C9918EC3}"
EndProject
Global
	GlobalSection(SolutionConfigurationPlatforms) = preSolution
		Debug|Any CPU = Debug|Any CPU
		Release|Any CPU = Release|Any CPU
	EndGlobalSection
	GlobalSection(ProjectConfigurationPlatforms) = postSolution
		{501E5F66-9FB2-44AA-98E4-08A9206B9414}.Debug|Any CPU.ActiveCfg = Debug|Any CPU
		{501E5F66-9FB2-44AA-98E4-08A9206B9414}.Debug|Any CPU.Build.0 = Debug|Any CPU
		{501E5F66-9FB2-44AA-98E4-08A9206B9414}.Release|Any CPU.ActiveCfg = Release|Any CPU
		{501E5F66-9FB2-44AA-98E4-08A9206B9414}.Release|Any CPU.Build.0 = Release|Any CPU
		{2D026F3E-B4DC-4664-A144-F0B74AA7F935}.Debug|Any CPU.ActiveCfg = Debug|Any CPU
		{2D026F3E-B4DC-4664-A144-F0B74AA7F935}.Debug|Any CPU.Build.0 = Debug|Any CPU
		{2D026F3E-B4DC-4664-A144-F0B74AA7F935}.Release|Any CPU.ActiveCfg = Release|Any CPU
		{2D026F3E-B4DC-4664-A144-F0B74AA7F935}.Release|Any CPU.Build.0 = Release|Any CPU
		{D55E8618-9488-41C0-97B8-0332C9918EC3}.Debug|Any CPU.ActiveCfg = Debug|Any CPU
		{D55E8618-9488-41C0-97B8-0332C9918EC3}.Debug|Any CPU.Build.0 = Debug|Any CPU
		{D55E8618-9488-41C0-97B8-0332C9918EC3}.Release|Any CPU.ActiveCfg = Release|Any CPU
		{D55E8618-9488-41C0-97B8-0332C9918EC3}.Release|Any CPU.Build.0 = Release|Any CPU
	EndGlobalSection
	GlobalSection(SolutionProperties) = preSolution
		HideSolutionNode = FALSE
	EndGlobalSection
	GlobalSection(ExtensibilityGlobals) = postSolution
		SolutionGuid = {BD441057-DC92-4753-BB59-CDB975B62EC7}
	EndGlobalSection
EndGlobal
